
Microsoft Visual Studio Solution File, Format Version 12.00
# Visual Studio 15
VisualStudioVersion = 15.0.27703.2000
MinimumVisualStudioVersion = 10.0.40219.1
Project("{FAE04EC0-301F-11D3-BF4B-00C04F79EFBC}") = "UDEOInterface", "UDEOInterface\UDEOInterface.csproj", "{8017D9FA-8BEC-4017-867E-050A326DD06A}"
EndProject
Global
	GlobalSection(SolutionConfigurationPlatforms) = preSolution
		Debug|Any CPU = Debug|Any CPU
		Release|Any CPU = Release|Any CPU
	EndGlobalSection
	GlobalSection(ProjectConfigurationPlatforms) = postSolution
		{8017D9FA-8BEC-4017-867E-050A326DD06A}.Debug|Any CPU.ActiveCfg = Debug|Any CPU
		{8017D9FA-8BEC-4017-867E-050A326DD06A}.Debug|Any CPU.Build.0 = Debug|Any CPU
		{8017D9FA-8BEC-4017-867E-050A326DD06A}.Release|Any CPU.ActiveCfg = Release|Any CPU
		{8017D9FA-8BEC-4017-867E-050A326DD06A}.Release|Any CPU.Build.0 = Release|Any CPU
	EndGlobalSection
	GlobalSection(SolutionProperties) = preSolution
		HideSolutionNode = FALSE
	EndGlobalSection
	GlobalSection(ExtensibilityGlobals) = postSolution
		SolutionGuid = {34DB9C68-85EF-4E3F-AF94-512C2EE1B919}
	EndGlobalSection
EndGlobal
